
Microsoft Visual Studio Solution File, Format Version 12.00
# Visual Studio 15
VisualStudioVersion = 15.0.28307.705
MinimumVisualStudioVersion = 10.0.40219.1
Project("{9092AA53-FB77-4645-B42D-1CCCA6BD08BD}") = "NodejsWebApp2", "NodejsWebApp2\NodejsWebApp2.njsproj", "{75572746-A0B9-4236-849A-0643ED9FFFC5}"
EndProject
Global
	GlobalSection(SolutionConfigurationPlatforms) = preSolution
		Debug|Any CPU = Debug|Any CPU
		Release|Any CPU = Release|Any CPU
	EndGlobalSection
	GlobalSection(ProjectConfigurationPlatforms) = postSolution
		{75572746-A0B9-4236-849A-0643ED9FFFC5}.Debug|Any CPU.ActiveCfg = Debug|Any CPU
		{75572746-A0B9-4236-849A-0643ED9FFFC5}.Debug|Any CPU.Build.0 = Debug|Any CPU
		{75572746-A0B9-4236-849A-0643ED9FFFC5}.Release|Any CPU.ActiveCfg = Release|Any CPU
		{75572746-A0B9-4236-849A-0643ED9FFFC5}.Release|Any CPU.Build.0 = Release|Any CPU
	EndGlobalSection
	GlobalSection(SolutionProperties) = preSolution
		HideSolutionNode = FALSE
	EndGlobalSection
	GlobalSection(ExtensibilityGlobals) = postSolution
		SolutionGuid = {E2AB890A-DF4B-4B9B-8D87-2178B396DC88}
	EndGlobalSection
EndGlobal
